
Microsoft Visual Studio Solution File, Format Version 12.00
# Visual Studio Version 16
VisualStudioVersion = 16.0.30711.63
MinimumVisualStudioVersion = 10.0.40219.1
Project("{9A19103F-16F7-4668-BE54-9A1E7A4F7556}") = "CWE", "CWE\CWE.csproj", "{9C1FF79D-D3C2-4D08-909B-032D80A1024F}"
EndProject
Project("{9A19103F-16F7-4668-BE54-9A1E7A4F7556}") = "CWE.Data", "CWE.Data\CWE.Data.csproj", "{7C3EA801-B8A7-4D46-964C-67D22A6D31DF}"
EndProject
Project("{FAE04EC0-301F-11D3-BF4B-00C04F79EFBC}") = "CWE.Interactive", "CWE.Interactive\CWE.Interactive.csproj", "{5F3DB094-F6A9-4BFE-AD46-731C10C66C81}"
EndProject
Global
	GlobalSection(SolutionConfigurationPlatforms) = preSolution
		Debug|Any CPU = Debug|Any CPU
		Release|Any CPU = Release|Any CPU
	EndGlobalSection
	GlobalSection(ProjectConfigurationPlatforms) = postSolution
		{9C1FF79D-D3C2-4D08-909B-032D80A1024F}.Debug|Any CPU.ActiveCfg = Debug|Any CPU
		{9C1FF79D-D3C2-4D08-909B-032D80A1024F}.Debug|Any CPU.Build.0 = Debug|Any CPU
		{9C1FF79D-D3C2-4D08-909B-032D80A1024F}.Release|Any CPU.ActiveCfg = Release|Any CPU
		{9C1FF79D-D3C2-4D08-909B-032D80A1024F}.Release|Any CPU.Build.0 = Release|Any CPU
		{7C3EA801-B8A7-4D46-964C-67D22A6D31DF}.Debug|Any CPU.ActiveCfg = Debug|Any CPU
		{7C3EA801-B8A7-4D46-964C-67D22A6D31DF}.Debug|Any CPU.Build.0 = Debug|Any CPU
		{7C3EA801-B8A7-4D46-964C-67D22A6D31DF}.Release|Any CPU.ActiveCfg = Release|Any CPU
		{7C3EA801-B8A7-4D46-964C-67D22A6D31DF}.Release|Any CPU.Build.0 = Release|Any CPU
		{5F3DB094-F6A9-4BFE-AD46-731C10C66C81}.Debug|Any CPU.ActiveCfg = Debug|Any CPU
		{5F3DB094-F6A9-4BFE-AD46-731C10C66C81}.Debug|Any CPU.Build.0 = Debug|Any CPU
		{5F3DB094-F6A9-4BFE-AD46-731C10C66C81}.Release|Any CPU.ActiveCfg = Release|Any CPU
		{5F3DB094-F6A9-4BFE-AD46-731C10C66C81}.Release|Any CPU.Build.0 = Release|Any CPU
	EndGlobalSection
	GlobalSection(SolutionProperties) = preSolution
		HideSolutionNode = FALSE
	EndGlobalSection
	GlobalSection(ExtensibilityGlobals) = postSolution
		SolutionGuid = {6F06EE01-B286-4530-8876-58DAD6333918}
	EndGlobalSection
EndGlobal
